
Microsoft Visual Studio Solution File, Format Version 9.00
# Visual Studio 2005
Project("{8BC9CEB8-8B4A-11D0-8D11-00A0C91BC942}") = "DLLLua", "src\DLLLua.vcproj", "{DDC55A77-F734-4C95-8987-2BE0EB7CD75E}"
	ProjectSection(ProjectDependencies) = postProject
		{ACE68CD6-1CFB-4976-8921-31039D209611} = {ACE68CD6-1CFB-4976-8921-31039D209611}
	EndProjectSection
EndProject
Project("{8BC9CEB8-8B4A-11D0-8D11-00A0C91BC942}") = "DLLLua+Lib", "src\DLLLua+Lib.vcproj", "{03DD4837-04BB-459A-BB44-23CE25301012}"
	ProjectSection(ProjectDependencies) = postProject
		{ACE68CD6-1CFB-4976-8921-31039D209611} = {ACE68CD6-1CFB-4976-8921-31039D209611}
		{A7CC5E73-DB3B-4C45-997A-CD9A90DBF376} = {A7CC5E73-DB3B-4C45-997A-CD9A90DBF376}
	EndProjectSection
EndProject
Project("{8BC9CEB8-8B4A-11D0-8D11-00A0C91BC942}") = "DLLLuaLib", "src\lib\DLLLuaLib.vcproj", "{D6061C94-7E0D-49F4-979F-E1B23AC6B6EF}"
	ProjectSection(ProjectDependencies) = postProject
		{A7CC5E73-DB3B-4C45-997A-CD9A90DBF376} = {A7CC5E73-DB3B-4C45-997A-CD9A90DBF376}
		{DDC55A77-F734-4C95-8987-2BE0EB7CD75E} = {DDC55A77-F734-4C95-8987-2BE0EB7CD75E}
	EndProjectSection
EndProject
Project("{8BC9CEB8-8B4A-11D0-8D11-00A0C91BC942}") = "LibLua", "src\LibLua.vcproj", "{ACE68CD6-1CFB-4976-8921-31039D209611}"
EndProject
Project("{8BC9CEB8-8B4A-11D0-8D11-00A0C91BC942}") = "LibLua+CRT", "src\LibLua+CRT.vcproj", "{819360A8-C008-4F8D-8B4E-DE70A1E2C46F}"
EndProject
Project("{8BC9CEB8-8B4A-11D0-8D11-00A0C91BC942}") = "LibLuaLib", "src\lib\LibLuaLib.vcproj", "{A7CC5E73-DB3B-4C45-997A-CD9A90DBF376}"
EndProject
Project("{8BC9CEB8-8B4A-11D0-8D11-00A0C91BC942}") = "LibLuaLib+CRT", "src\lib\LibLuaLib+CRT.vcproj", "{7B528E69-73D5-44E0-B5D9-B0EF51F6D830}"
EndProject
Project("{8BC9CEB8-8B4A-11D0-8D11-00A0C91BC942}") = "Lua", "src\Lua\Lua.vcproj", "{D75A1172-8EAE-42F7-BF7C-8288842EBF1A}"
	ProjectSection(ProjectDependencies) = postProject
		{ACE68CD6-1CFB-4976-8921-31039D209611} = {ACE68CD6-1CFB-4976-8921-31039D209611}
		{A7CC5E73-DB3B-4C45-997A-CD9A90DBF376} = {A7CC5E73-DB3B-4C45-997A-CD9A90DBF376}
	EndProjectSection
EndProject
Project("{8BC9CEB8-8B4A-11D0-8D11-00A0C91BC942}") = "LuaC", "src\luac\LuaC.vcproj", "{DD02C602-51D3-437D-B6D6-BE6F4A441E62}"
	ProjectSection(ProjectDependencies) = postProject
		{ACE68CD6-1CFB-4976-8921-31039D209611} = {ACE68CD6-1CFB-4976-8921-31039D209611}
		{A7CC5E73-DB3B-4C45-997A-CD9A90DBF376} = {A7CC5E73-DB3B-4C45-997A-CD9A90DBF376}
	EndProjectSection
EndProject
Global
	GlobalSection(SolutionConfigurationPlatforms) = preSolution
		Debug|Win32 = Debug|Win32
		Release|Win32 = Release|Win32
	EndGlobalSection
	GlobalSection(ProjectConfigurationPlatforms) = postSolution
		{DDC55A77-F734-4C95-8987-2BE0EB7CD75E}.Debug|Win32.ActiveCfg = Debug|Win32
		{DDC55A77-F734-4C95-8987-2BE0EB7CD75E}.Debug|Win32.Build.0 = Debug|Win32
		{DDC55A77-F734-4C95-8987-2BE0EB7CD75E}.Release|Win32.ActiveCfg = Release|Win32
		{DDC55A77-F734-4C95-8987-2BE0EB7CD75E}.Release|Win32.Build.0 = Release|Win32
		{03DD4837-04BB-459A-BB44-23CE25301012}.Debug|Win32.ActiveCfg = Debug|Win32
		{03DD4837-04BB-459A-BB44-23CE25301012}.Debug|Win32.Build.0 = Debug|Win32
		{03DD4837-04BB-459A-BB44-23CE25301012}.Release|Win32.ActiveCfg = Release|Win32
		{03DD4837-04BB-459A-BB44-23CE25301012}.Release|Win32.Build.0 = Release|Win32
		{D6061C94-7E0D-49F4-979F-E1B23AC6B6EF}.Debug|Win32.ActiveCfg = Debug|Win32
		{D6061C94-7E0D-49F4-979F-E1B23AC6B6EF}.Debug|Win32.Build.0 = Debug|Win32
		{D6061C94-7E0D-49F4-979F-E1B23AC6B6EF}.Release|Win32.ActiveCfg = Release|Win32
		{D6061C94-7E0D-49F4-979F-E1B23AC6B6EF}.Release|Win32.Build.0 = Release|Win32
		{ACE68CD6-1CFB-4976-8921-31039D209611}.Debug|Win32.ActiveCfg = Debug|Win32
		{ACE68CD6-1CFB-4976-8921-31039D209611}.Debug|Win32.Build.0 = Debug|Win32
		{ACE68CD6-1CFB-4976-8921-31039D209611}.Release|Win32.ActiveCfg = Release|Win32
		{ACE68CD6-1CFB-4976-8921-31039D209611}.Release|Win32.Build.0 = Release|Win32
		{819360A8-C008-4F8D-8B4E-DE70A1E2C46F}.Debug|Win32.ActiveCfg = Debug|Win32
		{819360A8-C008-4F8D-8B4E-DE70A1E2C46F}.Debug|Win32.Build.0 = Debug|Win32
		{819360A8-C008-4F8D-8B4E-DE70A1E2C46F}.Release|Win32.ActiveCfg = Release|Win32
		{819360A8-C008-4F8D-8B4E-DE70A1E2C46F}.Release|Win32.Build.0 = Release|Win32
		{A7CC5E73-DB3B-4C45-997A-CD9A90DBF376}.Debug|Win32.ActiveCfg = Debug|Win32
		{A7CC5E73-DB3B-4C45-997A-CD9A90DBF376}.Debug|Win32.Build.0 = Debug|Win32
		{A7CC5E73-DB3B-4C45-997A-CD9A90DBF376}.Release|Win32.ActiveCfg = Release|Win32
		{A7CC5E73-DB3B-4C45-997A-CD9A90DBF376}.Release|Win32.Build.0 = Release|Win32
		{7B528E69-73D5-44E0-B5D9-B0EF51F6D830}.Debug|Win32.ActiveCfg = Debug|Win32
		{7B528E69-73D5-44E0-B5D9-B0EF51F6D830}.Debug|Win32.Build.0 = Debug|Win32
		{7B528E69-73D5-44E0-B5D9-B0EF51F6D830}.Release|Win32.ActiveCfg = Release|Win32
		{7B528E69-73D5-44E0-B5D9-B0EF51F6D830}.Release|Win32.Build.0 = Release|Win32
		{D75A1172-8EAE-42F7-BF7C-8288842EBF1A}.Debug|Win32.ActiveCfg = Debug|Win32
		{D75A1172-8EAE-42F7-BF7C-8288842EBF1A}.Debug|Win32.Build.0 = Debug|Win32
		{D75A1172-8EAE-42F7-BF7C-8288842EBF1A}.Release|Win32.ActiveCfg = Release|Win32
		{D75A1172-8EAE-42F7-BF7C-8288842EBF1A}.Release|Win32.Build.0 = Release|Win32
		{DD02C602-51D3-437D-B6D6-BE6F4A441E62}.Debug|Win32.ActiveCfg = Debug|Win32
		{DD02C602-51D3-437D-B6D6-BE6F4A441E62}.Debug|Win32.Build.0 = Debug|Win32
		{DD02C602-51D3-437D-B6D6-BE6F4A441E62}.Release|Win32.ActiveCfg = Release|Win32
		{DD02C602-51D3-437D-B6D6-BE6F4A441E62}.Release|Win32.Build.0 = Release|Win32
	EndGlobalSection
	GlobalSection(SolutionProperties) = preSolution
		HideSolutionNode = FALSE
	EndGlobalSection
EndGlobal
